
Microsoft Visual Studio Solution File, Format Version 12.00
# Visual Studio Version 17
VisualStudioVersion = 17.14.36429.23 d17.14
MinimumVisualStudioVersion = 10.0.40219.1
Project("{FAE04EC0-301F-11D3-BF4B-00C04F79EFBC}") = "Hospital management system", "Hospital management system\Hospital management system.csproj", "{A7ABD36F-13D3-4A2E-902B-E7286B82C9B9}"
EndProject
Global
	GlobalSection(SolutionConfigurationPlatforms) = preSolution
		Debug|Any CPU = Debug|Any CPU
		Release|Any CPU = Release|Any CPU
	EndGlobalSection
	GlobalSection(ProjectConfigurationPlatforms) = postSolution
		{A7ABD36F-13D3-4A2E-902B-E7286B82C9B9}.Debug|Any CPU.ActiveCfg = Debug|Any CPU
		{A7ABD36F-13D3-4A2E-902B-E7286B82C9B9}.Debug|Any CPU.Build.0 = Debug|Any CPU
		{A7ABD36F-13D3-4A2E-902B-E7286B82C9B9}.Release|Any CPU.ActiveCfg = Release|Any CPU
		{A7ABD36F-13D3-4A2E-902B-E7286B82C9B9}.Release|Any CPU.Build.0 = Release|Any CPU
	EndGlobalSection
	GlobalSection(SolutionProperties) = preSolution
		HideSolutionNode = FALSE
	EndGlobalSection
	GlobalSection(ExtensibilityGlobals) = postSolution
		SolutionGuid = {715DEAF6-3444-4E34-93B3-CCE966CB061F}
	EndGlobalSection
EndGlobal
